{
  "version": 4,
  "terraform_version": "1.6.2",
  "serial": 94,
  "lineage": "423a5d4b-c729-fef0-c1ad-c96b494598ab",
  "outputs": {},
  "resources": [
    {
      "mode": "managed",
      "type": "yandex_alb_http_router",
      "name": "http-router",
      "provider": "provider[\"registry.terraform.io/yandex-cloud/yandex\"]",
      "instances": [
        {
          "schema_version": 0,
          "attributes": {
            "created_at": "2023-10-29T07:19:55Z",
            "description": "ALB:HTTP router",
            "folder_id": "b1gv1df2r3960gt3bb4j",
            "id": "ds7go1sesajhjmp72qqe",
            "labels": {},
            "name": "nginxweb-http-router",
            "route_options": [],
            "timeouts": null
          },
          "sensitive_attributes": [],
          "private": "eyJlMmJmYjczMC1lY2FhLTExZTYtOGY4OC0zNDM2M2JjN2M0YzAiOnsiY3JlYXRlIjozMDAwMDAwMDAwMDAsImRlbGV0ZSI6MzAwMDAwMDAwMDAwLCJ1cGRhdGUiOjMwMDAwMDAwMDAwMH19"
        }
      ]
    },
    {
      "mode": "managed",
      "type": "yandex_alb_load_balancer",
      "name": "target-backend-group",
      "provider": "provider[\"registry.terraform.io/yandex-cloud/yandex\"]",
      "instances": [
        {
          "schema_version": 0,
          "attributes": {
            "allocation_policy": [
              {
                "location": [
                  {
                    "disable_traffic": false,
                    "subnet_id": "e9b5omkb0mg9rh23140r",
                    "zone_id": "ru-central1-a"
                  }
                ]
              }
            ],
            "created_at": "2023-10-29T07:19:58Z",
            "description": "ALB:Target backend group",
            "folder_id": "b1gv1df2r3960gt3bb4j",
            "id": "ds7bt4ns3j7ujte0a9be",
            "labels": {},
            "listener": [
              {
                "endpoint": [
                  {
                    "address": [
                      {
                        "external_ipv4_address": [
                          {
                            "address": "158.160.131.183"
                          }
                        ],
                        "external_ipv6_address": [],
                        "internal_ipv4_address": []
                      }
                    ],
                    "ports": [
                      80
                    ]
                  }
                ],
                "http": [
                  {
                    "handler": [
                      {
                        "allow_http10": false,
                        "http2_options": [],
                        "http_router_id": "ds7go1sesajhjmp72qqe",
                        "rewrite_request_id": false
                      }
                    ],
                    "redirects": []
                  }
                ],
                "name": "listener",
                "stream": [],
                "tls": []
              }
            ],
            "log_group_id": "ckga13c75dmuf9s1umad",
            "log_options": [],
            "name": "nginxweb-target-backend-group",
            "network_id": "enpqtoeapmjuak5d0mf2",
            "region_id": "",
            "security_group_ids": [],
            "status": "active",
            "timeouts": null
          },
          "sensitive_attributes": [],
          "private": "eyJlMmJmYjczMC1lY2FhLTExZTYtOGY4OC0zNDM2M2JjN2M0YzAiOnsiY3JlYXRlIjo2MDAwMDAwMDAwMDAsImRlbGV0ZSI6NjAwMDAwMDAwMDAwLCJ1cGRhdGUiOjYwMDAwMDAwMDAwMH19",
          "dependencies": [
            "yandex_alb_http_router.http-router",
            "yandex_vpc_network.network-a",
            "yandex_vpc_subnet.subnet-a"
          ]
        }
      ]
    },
    {
      "mode": "managed",
      "type": "yandex_alb_target_group",
      "name": "target-group",
      "provider": "provider[\"registry.terraform.io/yandex-cloud/yandex\"]",
      "instances": [
        {
          "schema_version": 0,
          "attributes": {
            "created_at": "2023-10-29T07:20:35Z",
            "description": "ALB:Target group",
            "folder_id": "b1gv1df2r3960gt3bb4j",
            "id": "ds7hpf60g1s9rdgahc8e",
            "labels": {},
            "name": "nginxweb-target-group",
            "target": [
              {
                "ip_address": "192.168.10.27",
                "private_ipv4_address": false,
                "subnet_id": "e9b5omkb0mg9rh23140r"
              },
              {
                "ip_address": "192.168.20.21",
                "private_ipv4_address": false,
                "subnet_id": "e2lis7pv1b9cbnji89in"
              }
            ],
            "timeouts": null
          },
          "sensitive_attributes": [],
          "private": "eyJlMmJmYjczMC1lY2FhLTExZTYtOGY4OC0zNDM2M2JjN2M0YzAiOnsiY3JlYXRlIjozMDAwMDAwMDAwMDAsImRlbGV0ZSI6MzAwMDAwMDAwMDAwLCJ1cGRhdGUiOjMwMDAwMDAwMDAwMH19",
          "dependencies": [
            "yandex_compute_instance.website-a",
            "yandex_compute_instance.website-b",
            "yandex_vpc_network.network-a",
            "yandex_vpc_subnet.subnet-a",
            "yandex_vpc_subnet.subnet-b"
          ]
        }
      ]
    },
    {
      "mode": "managed",
      "type": "yandex_compute_instance",
      "name": "bastion-b",
      "provider": "provider[\"registry.terraform.io/yandex-cloud/yandex\"]",
      "instances": [
        {
          "schema_version": 1,
          "attributes": {
            "allow_recreate": null,
            "allow_stopping_for_update": true,
            "boot_disk": [
              {
                "auto_delete": true,
                "device_name": "fhmgli171pilbh0iolaq",
                "disk_id": "fhmgli171pilbh0iolaq",
                "initialize_params": [
                  {
                    "block_size": 4096,
                    "description": "boot disk for bastion_server2",
                    "image_id": "fd87gocdmk3tosg6onpg",
                    "name": "",
                    "size": 10,
                    "snapshot_id": "",
                    "type": "network-hdd"
                  }
                ],
                "mode": "READ_WRITE"
              }
            ],
            "created_at": "2023-11-01T09:34:28Z",
            "description": "",
            "filesystem": [],
            "folder_id": "b1gv1df2r3960gt3bb4j",
            "fqdn": "fhmtu7509qrn0ukk2c41.auto.internal",
            "gpu_cluster_id": "",
            "hostname": "",
            "id": "fhmtu7509qrn0ukk2c41",
            "labels": {},
            "local_disk": [],
            "metadata": {
              "user-data": "#cloud-config\nusers:\n - name: mikhail\n   groups: sudo\n   shell: /bin/bash\n   sudo: ['ALL=(ALL) NOPASSWD:ALL']\n   ssh-authorized-keys:\n      - ssh-rsa AAAAB3NzaC1yc2EAAAADAQABAAABgQDVQfNNv0Q+94+nVE77yA62aq/5k8vfp8xK5V4OyelqM8qu0LiQzqwH8Z43+mp4aqxGELr0+azHVPp3ekiYn1FB0huRarmm85kmwDjuBmS0dYecwaO5w2p5q+nIgPXtV5KkPjvwny+P5YVLR7AOnjQv+DPvBk5CnKBeQ85p94fcqa81lmA0RHV2FbFidWNCkHflxPP8l66zOovSjzs3Dx3jAHeBoF0K11TyYNj29+4XoJ1yMkzxlfM3jGt/xDccz2pCb3x+xffzZO7DuLmyzRA9wuVu9LnBWxK77AYLsNaTrXLF7a01pD9eBnQs7ofWuYRj0E5Hnb8RxWcfbI2vwwj/6d8R1k6nJCQk6NUaKFGQJpASURnwTclc112x0yVcnFkEGX81Zot8BH6tuy2aTjG5u2p+EzluSFf5KZlTX9S5XkBlmL7Z+2ZJF/hiH6ArgT18Y7Cg42Y5J4YHFiUbfnVz+g5RLo0QNmdRpS4pJvGgUovAoZ8Z1sjuASYLXy29b9E= root@mikhail\n"
            },
            "metadata_options": [
              {
                "aws_v1_http_endpoint": 1,
                "aws_v1_http_token": 2,
                "gce_http_endpoint": 1,
                "gce_http_token": 1
              }
            ],
            "name": "bastion1",
            "network_acceleration_type": "standard",
            "network_interface": [
              {
                "dns_record": [],
                "index": 0,
                "ip_address": "192.168.30.30",
                "ipv4": true,
                "ipv6": false,
                "ipv6_address": "",
                "ipv6_dns_record": [],
                "mac_address": "d0:0d:1d:f1:ca:04",
                "nat": true,
                "nat_dns_record": [],
                "nat_ip_address": "84.201.134.248",
                "nat_ip_version": "IPV4",
                "security_group_ids": [],
                "subnet_id": "e9bp9pvqmjpnh8h6l0c1"
              }
            ],
            "placement_policy": [
              {
                "host_affinity_rules": [],
                "placement_group_id": ""
              }
            ],
            "platform_id": "standard-v3",
            "resources": [
              {
                "core_fraction": 20,
                "cores": 2,
                "gpus": 0,
                "memory": 1
              }
            ],
            "scheduling_policy": [
              {
                "preemptible": true
              }
            ],
            "secondary_disk": [],
            "service_account_id": "",
            "status": "running",
            "timeouts": null,
            "zone": "ru-central1-a"
          },
          "sensitive_attributes": [],
          "private": "eyJlMmJmYjczMC1lY2FhLTExZTYtOGY4OC0zNDM2M2JjN2M0YzAiOnsiY3JlYXRlIjozMDAwMDAwMDAwMDAsImRlbGV0ZSI6MzAwMDAwMDAwMDAwLCJ1cGRhdGUiOjMwMDAwMDAwMDAwMH0sInNjaGVtYV92ZXJzaW9uIjoiMSJ9",
          "dependencies": [
            "yandex_vpc_network.network-a",
            "yandex_vpc_subnet.subnet-c"
          ]
        }
      ]
    },
    {
      "mode": "managed",
      "type": "yandex_compute_instance",
      "name": "elasticsearch-1",
      "provider": "provider[\"registry.terraform.io/yandex-cloud/yandex\"]",
      "instances": [
        {
          "schema_version": 1,
          "attributes": {
            "allow_recreate": null,
            "allow_stopping_for_update": true,
            "boot_disk": [
              {
                "auto_delete": true,
                "device_name": "epdt6p1n87ec1lgp7bfc",
                "disk_id": "epdt6p1n87ec1lgp7bfc",
                "initialize_params": [
                  {
                    "block_size": 4096,
                    "description": "boot disk for elasticsearch-1",
                    "image_id": "fd87gocdmk3tosg6onpg",
                    "name": "",
                    "size": 10,
                    "snapshot_id": "",
                    "type": "network-hdd"
                  }
                ],
                "mode": "READ_WRITE"
              }
            ],
            "created_at": "2023-10-30T15:20:11Z",
            "description": "",
            "filesystem": [],
            "folder_id": "b1gv1df2r3960gt3bb4j",
            "fqdn": "epdcc0s2438mmg94gm2i.auto.internal",
            "gpu_cluster_id": "",
            "hostname": "",
            "id": "epdcc0s2438mmg94gm2i",
            "labels": {},
            "local_disk": [],
            "metadata": {
              "user-data": "#cloud-config\nusers:\n - name: mikhail\n   groups: sudo\n   shell: /bin/bash\n   sudo: ['ALL=(ALL) NOPASSWD:ALL']\n   ssh-authorized-keys:\n      - ssh-rsa AAAAB3NzaC1yc2EAAAADAQABAAABgQDVQfNNv0Q+94+nVE77yA62aq/5k8vfp8xK5V4OyelqM8qu0LiQzqwH8Z43+mp4aqxGELr0+azHVPp3ekiYn1FB0huRarmm85kmwDjuBmS0dYecwaO5w2p5q+nIgPXtV5KkPjvwny+P5YVLR7AOnjQv+DPvBk5CnKBeQ85p94fcqa81lmA0RHV2FbFidWNCkHflxPP8l66zOovSjzs3Dx3jAHeBoF0K11TyYNj29+4XoJ1yMkzxlfM3jGt/xDccz2pCb3x+xffzZO7DuLmyzRA9wuVu9LnBWxK77AYLsNaTrXLF7a01pD9eBnQs7ofWuYRj0E5Hnb8RxWcfbI2vwwj/6d8R1k6nJCQk6NUaKFGQJpASURnwTclc112x0yVcnFkEGX81Zot8BH6tuy2aTjG5u2p+EzluSFf5KZlTX9S5XkBlmL7Z+2ZJF/hiH6ArgT18Y7Cg42Y5J4YHFiUbfnVz+g5RLo0QNmdRpS4pJvGgUovAoZ8Z1sjuASYLXy29b9E= root@mikhail\n"
            },
            "metadata_options": [
              {
                "aws_v1_http_endpoint": 1,
                "aws_v1_http_token": 2,
                "gce_http_endpoint": 1,
                "gce_http_token": 1
              }
            ],
            "name": "elasticsearch1",
            "network_acceleration_type": "standard",
            "network_interface": [
              {
                "dns_record": [],
                "index": 0,
                "ip_address": "192.168.20.11",
                "ipv4": true,
                "ipv6": false,
                "ipv6_address": "",
                "ipv6_dns_record": [],
                "mac_address": "d0:0d:c6:03:82:20",
                "nat": true,
                "nat_dns_record": [],
                "nat_ip_address": "",
                "nat_ip_version": "IPV4",
                "security_group_ids": [],
                "subnet_id": "e2lis7pv1b9cbnji89in"
              }
            ],
            "placement_policy": [
              {
                "host_affinity_rules": [],
                "placement_group_id": ""
              }
            ],
            "platform_id": "standard-v3",
            "resources": [
              {
                "core_fraction": 20,
                "cores": 2,
                "gpus": 0,
                "memory": 1
              }
            ],
            "scheduling_policy": [
              {
                "preemptible": true
              }
            ],
            "secondary_disk": [],
            "service_account_id": "",
            "status": "stopped",
            "timeouts": null,
            "zone": "ru-central1-b"
          },
          "sensitive_attributes": [],
          "private": "eyJlMmJmYjczMC1lY2FhLTExZTYtOGY4OC0zNDM2M2JjN2M0YzAiOnsiY3JlYXRlIjozMDAwMDAwMDAwMDAsImRlbGV0ZSI6MzAwMDAwMDAwMDAwLCJ1cGRhdGUiOjMwMDAwMDAwMDAwMH0sInNjaGVtYV92ZXJzaW9uIjoiMSJ9",
          "dependencies": [
            "yandex_vpc_network.network-a",
            "yandex_vpc_subnet.subnet-b"
          ]
        }
      ]
    },
    {
      "mode": "managed",
      "type": "yandex_compute_instance",
      "name": "kibana-1",
      "provider": "provider[\"registry.terraform.io/yandex-cloud/yandex\"]",
      "instances": [
        {
          "schema_version": 1,
          "attributes": {
            "allow_recreate": null,
            "allow_stopping_for_update": true,
            "boot_disk": [
              {
                "auto_delete": true,
                "device_name": "epd3ln6grten7nprilff",
                "disk_id": "epd3ln6grten7nprilff",
                "initialize_params": [
                  {
                    "block_size": 4096,
                    "description": "boot disk for kibana-1",
                    "image_id": "fd87gocdmk3tosg6onpg",
                    "name": "",
                    "size": 10,
                    "snapshot_id": "",
                    "type": "network-hdd"
                  }
                ],
                "mode": "READ_WRITE"
              }
            ],
            "created_at": "2023-10-30T15:20:11Z",
            "description": "",
            "filesystem": [],
            "folder_id": "b1gv1df2r3960gt3bb4j",
            "fqdn": "epd14ge5n1uifscdl25u.auto.internal",
            "gpu_cluster_id": "",
            "hostname": "",
            "id": "epd14ge5n1uifscdl25u",
            "labels": {},
            "local_disk": [],
            "metadata": {
              "user-data": "#cloud-config\nusers:\n - name: mikhail\n   groups: sudo\n   shell: /bin/bash\n   sudo: ['ALL=(ALL) NOPASSWD:ALL']\n   ssh-authorized-keys:\n      - ssh-rsa AAAAB3NzaC1yc2EAAAADAQABAAABgQDVQfNNv0Q+94+nVE77yA62aq/5k8vfp8xK5V4OyelqM8qu0LiQzqwH8Z43+mp4aqxGELr0+azHVPp3ekiYn1FB0huRarmm85kmwDjuBmS0dYecwaO5w2p5q+nIgPXtV5KkPjvwny+P5YVLR7AOnjQv+DPvBk5CnKBeQ85p94fcqa81lmA0RHV2FbFidWNCkHflxPP8l66zOovSjzs3Dx3jAHeBoF0K11TyYNj29+4XoJ1yMkzxlfM3jGt/xDccz2pCb3x+xffzZO7DuLmyzRA9wuVu9LnBWxK77AYLsNaTrXLF7a01pD9eBnQs7ofWuYRj0E5Hnb8RxWcfbI2vwwj/6d8R1k6nJCQk6NUaKFGQJpASURnwTclc112x0yVcnFkEGX81Zot8BH6tuy2aTjG5u2p+EzluSFf5KZlTX9S5XkBlmL7Z+2ZJF/hiH6ArgT18Y7Cg42Y5J4YHFiUbfnVz+g5RLo0QNmdRpS4pJvGgUovAoZ8Z1sjuASYLXy29b9E= root@mikhail\n"
            },
            "metadata_options": [
              {
                "aws_v1_http_endpoint": 1,
                "aws_v1_http_token": 2,
                "gce_http_endpoint": 1,
                "gce_http_token": 1
              }
            ],
            "name": "kibana1",
            "network_acceleration_type": "standard",
            "network_interface": [
              {
                "dns_record": [],
                "index": 0,
                "ip_address": "192.168.20.31",
                "ipv4": true,
                "ipv6": false,
                "ipv6_address": "",
                "ipv6_dns_record": [],
                "mac_address": "d0:0d:12:41:c5:b8",
                "nat": true,
                "nat_dns_record": [],
                "nat_ip_address": "",
                "nat_ip_version": "IPV4",
                "security_group_ids": [],
                "subnet_id": "e2lis7pv1b9cbnji89in"
              }
            ],
            "placement_policy": [
              {
                "host_affinity_rules": [],
                "placement_group_id": ""
              }
            ],
            "platform_id": "standard-v3",
            "resources": [
              {
                "core_fraction": 20,
                "cores": 2,
                "gpus": 0,
                "memory": 1
              }
            ],
            "scheduling_policy": [
              {
                "preemptible": true
              }
            ],
            "secondary_disk": [],
            "service_account_id": "",
            "status": "stopped",
            "timeouts": null,
            "zone": "ru-central1-b"
          },
          "sensitive_attributes": [],
          "private": "eyJlMmJmYjczMC1lY2FhLTExZTYtOGY4OC0zNDM2M2JjN2M0YzAiOnsiY3JlYXRlIjozMDAwMDAwMDAwMDAsImRlbGV0ZSI6MzAwMDAwMDAwMDAwLCJ1cGRhdGUiOjMwMDAwMDAwMDAwMH0sInNjaGVtYV92ZXJzaW9uIjoiMSJ9",
          "dependencies": [
            "yandex_vpc_network.network-a",
            "yandex_vpc_subnet.subnet-b"
          ]
        }
      ]
    },
    {
      "mode": "managed",
      "type": "yandex_compute_instance",
      "name": "website-a",
      "provider": "provider[\"registry.terraform.io/yandex-cloud/yandex\"]",
      "instances": [
        {
          "schema_version": 1,
          "attributes": {
            "allow_recreate": null,
            "allow_stopping_for_update": true,
            "boot_disk": [
              {
                "auto_delete": true,
                "device_name": "fhmi80b89pe8nmuat2o9",
                "disk_id": "fhmi80b89pe8nmuat2o9",
                "initialize_params": [
                  {
                    "block_size": 4096,
                    "description": "boot disk for nginx_server1",
                    "image_id": "fd87gocdmk3tosg6onpg",
                    "name": "",
                    "size": 10,
                    "snapshot_id": "",
                    "type": "network-hdd"
                  }
                ],
                "mode": "READ_WRITE"
              }
            ],
            "created_at": "2023-10-29T07:19:58Z",
            "description": "",
            "filesystem": [],
            "folder_id": "b1gv1df2r3960gt3bb4j",
            "fqdn": "fhma9it8rqpfm23pf8be.auto.internal",
            "gpu_cluster_id": "",
            "hostname": "",
            "id": "fhma9it8rqpfm23pf8be",
            "labels": {},
            "local_disk": [],
            "metadata": {
              "user-data": "#cloud-config\nusers:\n - name: mikhail\n   groups: sudo\n   shell: /bin/bash\n   sudo: ['ALL=(ALL) NOPASSWD:ALL']\n   ssh-authorized-keys:\n      - ssh-rsa AAAAB3NzaC1yc2EAAAADAQABAAABgQDVQfNNv0Q+94+nVE77yA62aq/5k8vfp8xK5V4OyelqM8qu0LiQzqwH8Z43+mp4aqxGELr0+azHVPp3ekiYn1FB0huRarmm85kmwDjuBmS0dYecwaO5w2p5q+nIgPXtV5KkPjvwny+P5YVLR7AOnjQv+DPvBk5CnKBeQ85p94fcqa81lmA0RHV2FbFidWNCkHflxPP8l66zOovSjzs3Dx3jAHeBoF0K11TyYNj29+4XoJ1yMkzxlfM3jGt/xDccz2pCb3x+xffzZO7DuLmyzRA9wuVu9LnBWxK77AYLsNaTrXLF7a01pD9eBnQs7ofWuYRj0E5Hnb8RxWcfbI2vwwj/6d8R1k6nJCQk6NUaKFGQJpASURnwTclc112x0yVcnFkEGX81Zot8BH6tuy2aTjG5u2p+EzluSFf5KZlTX9S5XkBlmL7Z+2ZJF/hiH6ArgT18Y7Cg42Y5J4YHFiUbfnVz+g5RLo0QNmdRpS4pJvGgUovAoZ8Z1sjuASYLXy29b9E= root@mikhail\n"
            },
            "metadata_options": [
              {
                "aws_v1_http_endpoint": 1,
                "aws_v1_http_token": 2,
                "gce_http_endpoint": 1,
                "gce_http_token": 1
              }
            ],
            "name": "website1",
            "network_acceleration_type": "standard",
            "network_interface": [
              {
                "dns_record": [],
                "index": 0,
                "ip_address": "192.168.10.27",
                "ipv4": true,
                "ipv6": false,
                "ipv6_address": "",
                "ipv6_dns_record": [],
                "mac_address": "d0:0d:a4:cb:a8:de",
                "nat": true,
                "nat_dns_record": [],
                "nat_ip_address": "",
                "nat_ip_version": "IPV4",
                "security_group_ids": [],
                "subnet_id": "e9b5omkb0mg9rh23140r"
              }
            ],
            "placement_policy": [
              {
                "host_affinity_rules": [],
                "placement_group_id": ""
              }
            ],
            "platform_id": "standard-v3",
            "resources": [
              {
                "core_fraction": 20,
                "cores": 2,
                "gpus": 0,
                "memory": 1
              }
            ],
            "scheduling_policy": [
              {
                "preemptible": true
              }
            ],
            "secondary_disk": [],
            "service_account_id": "",
            "status": "stopped",
            "timeouts": null,
            "zone": "ru-central1-a"
          },
          "sensitive_attributes": [],
          "private": "eyJlMmJmYjczMC1lY2FhLTExZTYtOGY4OC0zNDM2M2JjN2M0YzAiOnsiY3JlYXRlIjozMDAwMDAwMDAwMDAsImRlbGV0ZSI6MzAwMDAwMDAwMDAwLCJ1cGRhdGUiOjMwMDAwMDAwMDAwMH0sInNjaGVtYV92ZXJzaW9uIjoiMSJ9",
          "dependencies": [
            "yandex_vpc_network.network-a",
            "yandex_vpc_subnet.subnet-a"
          ]
        }
      ]
    },
    {
      "mode": "managed",
      "type": "yandex_compute_instance",
      "name": "website-b",
      "provider": "provider[\"registry.terraform.io/yandex-cloud/yandex\"]",
      "instances": [
        {
          "schema_version": 1,
          "attributes": {
            "allow_recreate": null,
            "allow_stopping_for_update": true,
            "boot_disk": [
              {
                "auto_delete": true,
                "device_name": "epdokbjdfnbb3c48jff7",
                "disk_id": "epdokbjdfnbb3c48jff7",
                "initialize_params": [
                  {
                    "block_size": 4096,
                    "description": "boot disk for nginx_server1",
                    "image_id": "fd87gocdmk3tosg6onpg",
                    "name": "",
                    "size": 10,
                    "snapshot_id": "",
                    "type": "network-hdd"
                  }
                ],
                "mode": "READ_WRITE"
              }
            ],
            "created_at": "2023-10-29T07:19:59Z",
            "description": "",
            "filesystem": [],
            "folder_id": "b1gv1df2r3960gt3bb4j",
            "fqdn": "epd2pg1k8gipjko2js0t.auto.internal",
            "gpu_cluster_id": "",
            "hostname": "",
            "id": "epd2pg1k8gipjko2js0t",
            "labels": {},
            "local_disk": [],
            "metadata": {
              "user-data": "#cloud-config\nusers:\n - name: mikhail\n   groups: sudo\n   shell: /bin/bash\n   sudo: ['ALL=(ALL) NOPASSWD:ALL']\n   ssh-authorized-keys:\n      - ssh-rsa AAAAB3NzaC1yc2EAAAADAQABAAABgQDVQfNNv0Q+94+nVE77yA62aq/5k8vfp8xK5V4OyelqM8qu0LiQzqwH8Z43+mp4aqxGELr0+azHVPp3ekiYn1FB0huRarmm85kmwDjuBmS0dYecwaO5w2p5q+nIgPXtV5KkPjvwny+P5YVLR7AOnjQv+DPvBk5CnKBeQ85p94fcqa81lmA0RHV2FbFidWNCkHflxPP8l66zOovSjzs3Dx3jAHeBoF0K11TyYNj29+4XoJ1yMkzxlfM3jGt/xDccz2pCb3x+xffzZO7DuLmyzRA9wuVu9LnBWxK77AYLsNaTrXLF7a01pD9eBnQs7ofWuYRj0E5Hnb8RxWcfbI2vwwj/6d8R1k6nJCQk6NUaKFGQJpASURnwTclc112x0yVcnFkEGX81Zot8BH6tuy2aTjG5u2p+EzluSFf5KZlTX9S5XkBlmL7Z+2ZJF/hiH6ArgT18Y7Cg42Y5J4YHFiUbfnVz+g5RLo0QNmdRpS4pJvGgUovAoZ8Z1sjuASYLXy29b9E= root@mikhail\n"
            },
            "metadata_options": [
              {
                "aws_v1_http_endpoint": 1,
                "aws_v1_http_token": 2,
                "gce_http_endpoint": 1,
                "gce_http_token": 1
              }
            ],
            "name": "website2",
            "network_acceleration_type": "standard",
            "network_interface": [
              {
                "dns_record": [],
                "index": 0,
                "ip_address": "192.168.20.21",
                "ipv4": true,
                "ipv6": false,
                "ipv6_address": "",
                "ipv6_dns_record": [],
                "mac_address": "d0:0d:2c:c0:34:44",
                "nat": true,
                "nat_dns_record": [],
                "nat_ip_address": "",
                "nat_ip_version": "IPV4",
                "security_group_ids": [],
                "subnet_id": "e2lis7pv1b9cbnji89in"
              }
            ],
            "placement_policy": [
              {
                "host_affinity_rules": [],
                "placement_group_id": ""
              }
            ],
            "platform_id": "standard-v3",
            "resources": [
              {
                "core_fraction": 20,
                "cores": 2,
                "gpus": 0,
                "memory": 1
              }
            ],
            "scheduling_policy": [
              {
                "preemptible": true
              }
            ],
            "secondary_disk": [],
            "service_account_id": "",
            "status": "stopped",
            "timeouts": null,
            "zone": "ru-central1-b"
          },
          "sensitive_attributes": [],
          "private": "eyJlMmJmYjczMC1lY2FhLTExZTYtOGY4OC0zNDM2M2JjN2M0YzAiOnsiY3JlYXRlIjozMDAwMDAwMDAwMDAsImRlbGV0ZSI6MzAwMDAwMDAwMDAwLCJ1cGRhdGUiOjMwMDAwMDAwMDAwMH0sInNjaGVtYV92ZXJzaW9uIjoiMSJ9",
          "dependencies": [
            "yandex_vpc_network.network-a",
            "yandex_vpc_subnet.subnet-b"
          ]
        }
      ]
    },
    {
      "mode": "managed",
      "type": "yandex_compute_instance",
      "name": "zabbix-1",
      "provider": "provider[\"registry.terraform.io/yandex-cloud/yandex\"]",
      "instances": [
        {
          "schema_version": 1,
          "attributes": {
            "allow_recreate": null,
            "allow_stopping_for_update": true,
            "boot_disk": [
              {
                "auto_delete": true,
                "device_name": "fhmftf9g9ipagi8prfcc",
                "disk_id": "fhmftf9g9ipagi8prfcc",
                "initialize_params": [
                  {
                    "block_size": 4096,
                    "description": "boot disk for zabbix-1",
                    "image_id": "fd87gocdmk3tosg6onpg",
                    "name": "",
                    "size": 10,
                    "snapshot_id": "",
                    "type": "network-hdd"
                  }
                ],
                "mode": "READ_WRITE"
              }
            ],
            "created_at": "2023-10-29T07:19:59Z",
            "description": "",
            "filesystem": [],
            "folder_id": "b1gv1df2r3960gt3bb4j",
            "fqdn": "fhmf87qvoa2v2rb7kchh.auto.internal",
            "gpu_cluster_id": "",
            "hostname": "",
            "id": "fhmf87qvoa2v2rb7kchh",
            "labels": {},
            "local_disk": [],
            "metadata": {
              "user-data": "#cloud-config\nusers:\n - name: mikhail\n   groups: sudo\n   shell: /bin/bash\n   sudo: ['ALL=(ALL) NOPASSWD:ALL']\n   ssh-authorized-keys:\n      - ssh-rsa AAAAB3NzaC1yc2EAAAADAQABAAABgQDVQfNNv0Q+94+nVE77yA62aq/5k8vfp8xK5V4OyelqM8qu0LiQzqwH8Z43+mp4aqxGELr0+azHVPp3ekiYn1FB0huRarmm85kmwDjuBmS0dYecwaO5w2p5q+nIgPXtV5KkPjvwny+P5YVLR7AOnjQv+DPvBk5CnKBeQ85p94fcqa81lmA0RHV2FbFidWNCkHflxPP8l66zOovSjzs3Dx3jAHeBoF0K11TyYNj29+4XoJ1yMkzxlfM3jGt/xDccz2pCb3x+xffzZO7DuLmyzRA9wuVu9LnBWxK77AYLsNaTrXLF7a01pD9eBnQs7ofWuYRj0E5Hnb8RxWcfbI2vwwj/6d8R1k6nJCQk6NUaKFGQJpASURnwTclc112x0yVcnFkEGX81Zot8BH6tuy2aTjG5u2p+EzluSFf5KZlTX9S5XkBlmL7Z+2ZJF/hiH6ArgT18Y7Cg42Y5J4YHFiUbfnVz+g5RLo0QNmdRpS4pJvGgUovAoZ8Z1sjuASYLXy29b9E= root@mikhail\n"
            },
            "metadata_options": [
              {
                "aws_v1_http_endpoint": 1,
                "aws_v1_http_token": 2,
                "gce_http_endpoint": 1,
                "gce_http_token": 1
              }
            ],
            "name": "zabbix1",
            "network_acceleration_type": "standard",
            "network_interface": [
              {
                "dns_record": [],
                "index": 0,
                "ip_address": "192.168.10.17",
                "ipv4": true,
                "ipv6": false,
                "ipv6_address": "",
                "ipv6_dns_record": [],
                "mac_address": "d0:0d:f4:1f:5f:c2",
                "nat": true,
                "nat_dns_record": [],
                "nat_ip_address": "",
                "nat_ip_version": "IPV4",
                "security_group_ids": [],
                "subnet_id": "e9b5omkb0mg9rh23140r"
              }
            ],
            "placement_policy": [
              {
                "host_affinity_rules": [],
                "placement_group_id": ""
              }
            ],
            "platform_id": "standard-v3",
            "resources": [
              {
                "core_fraction": 20,
                "cores": 2,
                "gpus": 0,
                "memory": 1
              }
            ],
            "scheduling_policy": [
              {
                "preemptible": true
              }
            ],
            "secondary_disk": [],
            "service_account_id": "",
            "status": "stopped",
            "timeouts": null,
            "zone": "ru-central1-a"
          },
          "sensitive_attributes": [],
          "private": "eyJlMmJmYjczMC1lY2FhLTExZTYtOGY4OC0zNDM2M2JjN2M0YzAiOnsiY3JlYXRlIjozMDAwMDAwMDAwMDAsImRlbGV0ZSI6MzAwMDAwMDAwMDAwLCJ1cGRhdGUiOjMwMDAwMDAwMDAwMH0sInNjaGVtYV92ZXJzaW9uIjoiMSJ9",
          "dependencies": [
            "yandex_vpc_network.network-a",
            "yandex_vpc_subnet.subnet-a"
          ]
        }
      ]
    },
    {
      "mode": "managed",
      "type": "yandex_compute_snapshot_schedule",
      "name": "snapshot",
      "provider": "provider[\"registry.terraform.io/yandex-cloud/yandex\"]",
      "instances": [
        {
          "schema_version": 0,
          "attributes": {
            "created_at": "2023-11-01T10:34:37Z",
            "description": "",
            "disk_ids": [
              "fhmftf9g9ipagi8prfcc",
              "epdt6p1n87ec1lgp7bfc",
              "fhmgli171pilbh0iolaq",
              "epd3ln6grten7nprilff"
            ],
            "folder_id": "b1gv1df2r3960gt3bb4j",
            "id": "fd8tb5dmqrkc5p2a3qfu",
            "labels": null,
            "name": "snapshot",
            "retention_period": "",
            "schedule_policy": [
              {
                "expression": "0 0 ? * *",
                "start_at": "1970-01-01T00:00:00Z"
              }
            ],
            "snapshot_count": 7,
            "snapshot_spec": [
              {
                "description": "daily",
                "labels": null
              }
            ],
            "status": "active",
            "timeouts": null
          },
          "sensitive_attributes": [],
          "private": "eyJlMmJmYjczMC1lY2FhLTExZTYtOGY4OC0zNDM2M2JjN2M0YzAiOnsiY3JlYXRlIjozMDAwMDAwMDAwMDAsImRlbGV0ZSI6MzAwMDAwMDAwMDAwLCJ1cGRhdGUiOjMwMDAwMDAwMDAwMH19",
          "dependencies": [
            "yandex_compute_instance.bastion-b",
            "yandex_compute_instance.elasticsearch-1",
            "yandex_compute_instance.kibana-1",
            "yandex_compute_instance.zabbix-1",
            "yandex_vpc_network.network-a",
            "yandex_vpc_subnet.subnet-a",
            "yandex_vpc_subnet.subnet-b",
            "yandex_vpc_subnet.subnet-c"
          ]
        }
      ]
    },
    {
      "mode": "managed",
      "type": "yandex_vpc_network",
      "name": "network-a",
      "provider": "provider[\"registry.terraform.io/yandex-cloud/yandex\"]",
      "instances": [
        {
          "schema_version": 0,
          "attributes": {
            "created_at": "2023-10-29T07:19:55Z",
            "default_security_group_id": "enp94cmuhmpnldiopkmk",
            "description": "",
            "folder_id": "b1gv1df2r3960gt3bb4j",
            "id": "enpqtoeapmjuak5d0mf2",
            "labels": {},
            "name": "network1",
            "subnet_ids": [
              "e2lis7pv1b9cbnji89in",
              "e9b5omkb0mg9rh23140r",
              "e9bp9pvqmjpnh8h6l0c1"
            ],
            "timeouts": null
          },
          "sensitive_attributes": [],
          "private": "eyJlMmJmYjczMC1lY2FhLTExZTYtOGY4OC0zNDM2M2JjN2M0YzAiOnsiY3JlYXRlIjo2MDAwMDAwMDAwMCwiZGVsZXRlIjo2MDAwMDAwMDAwMCwidXBkYXRlIjo2MDAwMDAwMDAwMH19"
        }
      ]
    },
    {
      "mode": "managed",
      "type": "yandex_vpc_subnet",
      "name": "subnet-a",
      "provider": "provider[\"registry.terraform.io/yandex-cloud/yandex\"]",
      "instances": [
        {
          "schema_version": 0,
          "attributes": {
            "created_at": "2023-10-29T07:19:57Z",
            "description": "",
            "dhcp_options": [],
            "folder_id": "b1gv1df2r3960gt3bb4j",
            "id": "e9b5omkb0mg9rh23140r",
            "labels": {},
            "name": "subnet1",
            "network_id": "enpqtoeapmjuak5d0mf2",
            "route_table_id": "",
            "timeouts": null,
            "v4_cidr_blocks": [
              "192.168.10.0/24"
            ],
            "v6_cidr_blocks": [],
            "zone": "ru-central1-a"
          },
          "sensitive_attributes": [],
          "private": "eyJlMmJmYjczMC1lY2FhLTExZTYtOGY4OC0zNDM2M2JjN2M0YzAiOnsiY3JlYXRlIjoxODAwMDAwMDAwMDAsImRlbGV0ZSI6MTgwMDAwMDAwMDAwLCJ1cGRhdGUiOjE4MDAwMDAwMDAwMH19",
          "dependencies": [
            "yandex_vpc_network.network-a"
          ]
        }
      ]
    },
    {
      "mode": "managed",
      "type": "yandex_vpc_subnet",
      "name": "subnet-b",
      "provider": "provider[\"registry.terraform.io/yandex-cloud/yandex\"]",
      "instances": [
        {
          "schema_version": 0,
          "attributes": {
            "created_at": "2023-10-29T07:19:58Z",
            "description": "",
            "dhcp_options": [],
            "folder_id": "b1gv1df2r3960gt3bb4j",
            "id": "e2lis7pv1b9cbnji89in",
            "labels": {},
            "name": "subnet2",
            "network_id": "enpqtoeapmjuak5d0mf2",
            "route_table_id": "",
            "timeouts": null,
            "v4_cidr_blocks": [
              "192.168.20.0/24"
            ],
            "v6_cidr_blocks": [],
            "zone": "ru-central1-b"
          },
          "sensitive_attributes": [],
          "private": "eyJlMmJmYjczMC1lY2FhLTExZTYtOGY4OC0zNDM2M2JjN2M0YzAiOnsiY3JlYXRlIjoxODAwMDAwMDAwMDAsImRlbGV0ZSI6MTgwMDAwMDAwMDAwLCJ1cGRhdGUiOjE4MDAwMDAwMDAwMH19",
          "dependencies": [
            "yandex_vpc_network.network-a"
          ]
        }
      ]
    },
    {
      "mode": "managed",
      "type": "yandex_vpc_subnet",
      "name": "subnet-c",
      "provider": "provider[\"registry.terraform.io/yandex-cloud/yandex\"]",
      "instances": [
        {
          "schema_version": 0,
          "attributes": {
            "created_at": "2023-11-01T09:34:27Z",
            "description": "",
            "dhcp_options": [],
            "folder_id": "b1gv1df2r3960gt3bb4j",
            "id": "e9bp9pvqmjpnh8h6l0c1",
            "labels": {},
            "name": "subnet3",
            "network_id": "enpqtoeapmjuak5d0mf2",
            "route_table_id": "",
            "timeouts": null,
            "v4_cidr_blocks": [
              "192.168.30.0/24"
            ],
            "v6_cidr_blocks": [],
            "zone": "ru-central1-a"
          },
          "sensitive_attributes": [],
          "private": "eyJlMmJmYjczMC1lY2FhLTExZTYtOGY4OC0zNDM2M2JjN2M0YzAiOnsiY3JlYXRlIjoxODAwMDAwMDAwMDAsImRlbGV0ZSI6MTgwMDAwMDAwMDAwLCJ1cGRhdGUiOjE4MDAwMDAwMDAwMH19",
          "dependencies": [
            "yandex_vpc_network.network-a"
          ]
        }
      ]
    }
  ],
  "check_results": null
}
